PODS:
  - AFNetworking (2.6.0):
    - AFNetworking/NSURLConnection (= 2.6.0)
    - AFNetworking/NSURLSession (= 2.6.0)
    - AFNetworking/Reachability (= 2.6.0)
    - AFNetworking/Security (= 2.6.0)
    - AFNetworking/Serialization (= 2.6.0)
    - AFNetworking/UIKit (= 2.6.0)
  - AFNetworking/NSURLConnection (2.6.0):
    - AFNetworking/Reachability
    - AFNetworking/Security
    - AFNetworking/Serialization
  - AFNetworking/NSURLSession (2.6.0):
    - AFNetworking/Reachability
    - AFNetworking/Security
    - AFNetworking/Serialization
  - AFNetworking/Reachability (2.6.0)
  - AFNetworking/Security (2.6.0)
  - AFNetworking/Serialization (2.6.0)
  - AFNetworking/UIKit (2.6.0):
    - AFNetworking/NSURLConnection
    - AFNetworking/NSURLSession
  - GGLInstanceID (1.0.0):
    - GoogleNetworkingUtilities (~> 1.0)
    - GoogleSymbolUtilities (~> 1.0)
    - GoogleUtilities (~> 1.0)
  - Google/CloudMessaging (1.0.7):
    - GGLInstanceID (~> 1.0)
    - Google/Core
    - GoogleCloudMessaging (~> 1.0)
  - Google/Core (1.0.7):
    - GoogleNetworkingUtilities (~> 1.0)
    - GoogleSymbolUtilities (~> 1.0)
    - GoogleUtilities (~> 1.0)
  - GoogleCloudMessaging (1.0.3):
    - GoogleInterchangeUtilities (~> 1.0)
    - GoogleNetworkingUtilities (~> 1.0)
    - GoogleSymbolUtilities (~> 1.0)
    - GoogleUtilities (~> 1.0)
  - GoogleInterchangeUtilities (1.0.0):
    - GoogleSymbolUtilities (~> 1.0)
  - GoogleNetworkingUtilities (1.0.0):
    - GoogleSymbolUtilities (~> 1.0)
  - GoogleSymbolUtilities (1.0.0)
  - GoogleUtilities (1.0.1):
    - GoogleSymbolUtilities (~> 1.0)
  - MBProgressHUD (0.9.1)
  - SDWebImage (3.7.3):
    - SDWebImage/Core (= 3.7.3)
  - SDWebImage/Core (3.7.3)
  - Toast (3.0)
  - UzysAssetsPickerController (0.9.9)

DEPENDENCIES:
  - AFNetworking (~> 2.6.0)
  - Google/CloudMessaging
  - MBProgressHUD
  - SDWebImage
  - Toast
  - UzysAssetsPickerController

SPEC CHECKSUMS:
  AFNetworking: 79f7eb1a0fcfa7beb409332b2ca49afe9ce53b05
  GGLInstanceID: 3f2a20acbb91408d45a5696b7722bf44cb410e0b
  Google: 875f5a8ade86dd02e36586e4a54814843938c7f6
  GoogleCloudMessaging: 0d64d357dd8db2b6f6a3bd63301b04dd556320f9
  GoogleInterchangeUtilities: fe088bea8c936218e52324a004d279c4491b9d65
  GoogleNetworkingUtilities: 292992ab31b7b4ba32809a0e8b40e324cdfb2c0c
  GoogleSymbolUtilities: a7b0feed1fe667c8d5e647177938d0ecd62d6948
  GoogleUtilities: e3475cd4d45134221d2f3f3626095a1c49b62041
  MBProgressHUD: c47f2c166c126cf2ce36498d80f33e754d4e93ad
  SDWebImage: 1d2b1a1efda1ade1b00b6f8498865f8ddedc8a84
  Toast: 32c59229abfcf41850162b83bb9259dc84372473
  UzysAssetsPickerController: 47c27bd96955467925f3d4d80b1e2e8aaeff766d

COCOAPODS: 0.39.0
