// !$*UTF8*$!
{
	archiveVersion = 1;
	classes = {
	};
	objectVersion = 46;
	objects = {

/* Begin PBXBuildFile section */
		0C65F8A41B8DB07100504D86 /* ProductUploadTextFieldTableViewCell.swift in Sources */ = {isa = PBXBuildFile; fileRef = 0C65F8A21B8DB07100504D86 /* ProductUploadTextFieldTableViewCell.swift */; };
		0C65F8A51B8DB07100504D86 /* ProductUploadTextFieldTableViewCell.xib in Resources */ = {isa = PBXBuildFile; fileRef = 0C65F8A31B8DB07100504D86 /* ProductUploadTextFieldTableViewCell.xib */; };
		0C65F8A71B8DB99100504D86 /* ProductUploadTableHeaderView.swift in Sources */ = {isa = PBXBuildFile; fileRef = 0C65F8A61B8DB99100504D86 /* ProductUploadTableHeaderView.swift */; };
		0C65F8AB1B8DB9AD00504D86 /* ProductUploadTableHeaderView.xib in Resources */ = {isa = PBXBuildFile; fileRef = 0C65F8AA1B8DB9AD00504D86 /* ProductUploadTableHeaderView.xib */; };
		0C65F8AE1B8DBC3400504D86 /* ProductUploadTextViewTableViewCell.swift in Sources */ = {isa = PBXBuildFile; fileRef = 0C65F8AC1B8DBC3400504D86 /* ProductUploadTextViewTableViewCell.swift */; };
		0C65F8AF1B8DBC3400504D86 /* ProductUploadTextViewTableViewCell.xib in Resources */ = {isa = PBXBuildFile; fileRef = 0C65F8AD1B8DBC3400504D86 /* ProductUploadTextViewTableViewCell.xib */; };
		0C65F8B21B8DC9AC00504D86 /* ProductUploadCategoryViewController.swift in Sources */ = {isa = PBXBuildFile; fileRef = 0C65F8B01B8DC9AC00504D86 /* ProductUploadCategoryViewController.swift */; };
		0C65F8B31B8DC9AC00504D86 /* ProductUploadCategoryViewController.xib in Resources */ = {isa = PBXBuildFile; fileRef = 0C65F8B11B8DC9AC00504D86 /* ProductUploadCategoryViewController.xib */; };
		0C65F8B81B8DCD8B00504D86 /* ProductUploadCategoryTableViewCell.swift in Sources */ = {isa = PBXBuildFile; fileRef = 0C65F8B61B8DCD8B00504D86 /* ProductUploadCategoryTableViewCell.swift */; };
		0C65F8B91B8DCD8B00504D86 /* ProductUploadCategoryTableViewCell.xib in Resources */ = {isa = PBXBuildFile; fileRef = 0C65F8B71B8DCD8B00504D86 /* ProductUploadCategoryTableViewCell.xib */; };
		0C65F8C01B8DE28D00504D86 /* ProductUploadBrandViewController.swift in Sources */ = {isa = PBXBuildFile; fileRef = 0C65F8BE1B8DE28D00504D86 /* ProductUploadBrandViewController.swift */; };
		0C65F8C11B8DE28D00504D86 /* ProductUploadBrandViewController.xib in Resources */ = {isa = PBXBuildFile; fileRef = 0C65F8BF1B8DE28D00504D86 /* ProductUploadBrandViewController.xib */; };
		0C65F8C81B8DEE6400504D86 /* ProductUploadPriceTableViewCell.xib.swift in Sources */ = {isa = PBXBuildFile; fileRef = 0C65F8C61B8DEE6400504D86 /* ProductUploadPriceTableViewCell.xib.swift */; };
		0C65F8C91B8DEE6400504D86 /* ProductUploadPriceTableViewCell.xib in Resources */ = {isa = PBXBuildFile; fileRef = 0C65F8C71B8DEE6400504D86 /* ProductUploadPriceTableViewCell.xib */; };
		0C65F8CC1B8DF8A000504D86 /* ProductUploadSearchViewController.swift in Sources */ = {isa = PBXBuildFile; fileRef = 0C65F8CA1B8DF8A000504D86 /* ProductUploadSearchViewController.swift */; };
		0C65F8CD1B8DF8A000504D86 /* ProductUploadSearchViewController.xib in Resources */ = {isa = PBXBuildFile; fileRef = 0C65F8CB1B8DF8A000504D86 /* ProductUploadSearchViewController.xib */; };
		0C65F8D01B8E059A00504D86 /* ProductUploadButtonTableViewCell.swift in Sources */ = {isa = PBXBuildFile; fileRef = 0C65F8CE1B8E059A00504D86 /* ProductUploadButtonTableViewCell.swift */; };
		0C65F8D11B8E059A00504D86 /* ProductUploadButtonTableViewCell.xib in Resources */ = {isa = PBXBuildFile; fileRef = 0C65F8CF1B8E059A00504D86 /* ProductUploadButtonTableViewCell.xib */; };
		0C65F8D41B8E089200504D86 /* ProductUploadQuantityTableViewCell.swift in Sources */ = {isa = PBXBuildFile; fileRef = 0C65F8D21B8E089200504D86 /* ProductUploadQuantityTableViewCell.swift */; };
		0C65F8D51B8E089200504D86 /* ProductUploadQuantityTableViewCell.xib in Resources */ = {isa = PBXBuildFile; fileRef = 0C65F8D31B8E089200504D86 /* ProductUploadQuantityTableViewCell.xib */; };
		0C65F8D81B8E0C4600504D86 /* ProductUploadDimensionsAndWeightTableViewCell.swift in Sources */ = {isa = PBXBuildFile; fileRef = 0C65F8D61B8E0C4600504D86 /* ProductUploadDimensionsAndWeightTableViewCell.swift */; };
		0C65F8D91B8E0C4600504D86 /* ProductUploadDimensionsAndWeightTableViewCell.xib in Resources */ = {isa = PBXBuildFile; fileRef = 0C65F8D71B8E0C4600504D86 /* ProductUploadDimensionsAndWeightTableViewCell.xib */; };
		0C65F8E81B8E34C200504D86 /* ProductUploadDetailHeaderViewCollectionViewCell.swift in Sources */ = {isa = PBXBuildFile; fileRef = 0C65F8E61B8E34C200504D86 /* ProductUploadDetailHeaderViewCollectionViewCell.swift */; };
		0C65F8E91B8E34C200504D86 /* ProductUploadDetailHeaderViewCollectionViewCell.xib in Resources */ = {isa = PBXBuildFile; fileRef = 0C65F8E71B8E34C200504D86 /* ProductUploadDetailHeaderViewCollectionViewCell.xib */; };
		0C65F8EC1B8E377500504D86 /* ProductUploadAttributeCollectionViewCell.swift in Sources */ = {isa = PBXBuildFile; fileRef = 0C65F8EA1B8E377500504D86 /* ProductUploadAttributeCollectionViewCell.swift */; };
		0C65F8ED1B8E377500504D86 /* ProductUploadAttributeCollectionViewCell.xib in Resources */ = {isa = PBXBuildFile; fileRef = 0C65F8EB1B8E377500504D86 /* ProductUploadAttributeCollectionViewCell.xib */; };
		0C65F8F01B8E3CB000504D86 /* ProductUploadDetailTableViewController.swift in Sources */ = {isa = PBXBuildFile; fileRef = 0C65F8EE1B8E3CB000504D86 /* ProductUploadDetailTableViewController.swift */; };
		0C65F8F11B8E3CB000504D86 /* ProductUploadDetailTableViewController.xib in Resources */ = {isa = PBXBuildFile; fileRef = 0C65F8EF1B8E3CB000504D86 /* ProductUploadDetailTableViewController.xib */; };
		0C65F8F81B8E3EC200504D86 /* ProductUploadDetailFooterTableViewCell.swift in Sources */ = {isa = PBXBuildFile; fileRef = 0C65F8F61B8E3EC200504D86 /* ProductUploadDetailFooterTableViewCell.swift */; };
		0C65F8F91B8E3EC200504D86 /* ProductUploadDetailFooterTableViewCell.xib in Resources */ = {isa = PBXBuildFile; fileRef = 0C65F8F71B8E3EC200504D86 /* ProductUploadDetailFooterTableViewCell.xib */; };
		0C8D7F871B8EBD7C00B3FA4E /* ProductUploadDetailHeaderViewTableViewCell.swift in Sources */ = {isa = PBXBuildFile; fileRef = 0C8D7F851B8EBD7C00B3FA4E /* ProductUploadDetailHeaderViewTableViewCell.swift */; };
		0C8D7F881B8EBD7C00B3FA4E /* ProductUploadDetailHeaderViewTableViewCell.xib in Resources */ = {isa = PBXBuildFile; fileRef = 0C8D7F861B8EBD7C00B3FA4E /* ProductUploadDetailHeaderViewTableViewCell.xib */; };
		0C8D7F8D1B8EF00C00B3FA4E /* ProductUploadAttributeTableViewCell.swift in Sources */ = {isa = PBXBuildFile; fileRef = 0C8D7F8B1B8EF00C00B3FA4E /* ProductUploadAttributeTableViewCell.swift */; };
		0C8D7F8E1B8EF00C00B3FA4E /* ProductUploadAttributeTableViewCell.xib in Resources */ = {isa = PBXBuildFile; fileRef = 0C8D7F8C1B8EF00C00B3FA4E /* ProductUploadAttributeTableViewCell.xib */; };
		0C8D7F901B8F0A6400B3FA4E /* AttributeModel.swift in Sources */ = {isa = PBXBuildFile; fileRef = 0C8D7F8F1B8F0A6400B3FA4E /* AttributeModel.swift */; };
		0C8D7F921B8F0A7D00B3FA4E /* ProductModel.swift in Sources */ = {isa = PBXBuildFile; fileRef = 0C8D7F911B8F0A7D00B3FA4E /* ProductModel.swift */; };
		0C8D7F951B8F12C200B3FA4E /* ProductUploadAttributeListTableViewController.swift in Sources */ = {isa = PBXBuildFile; fileRef = 0C8D7F931B8F12C200B3FA4E /* ProductUploadAttributeListTableViewController.swift */; };
		0C8D7F961B8F12C200B3FA4E /* ProductUploadAttributeListTableViewController.xib in Resources */ = {isa = PBXBuildFile; fileRef = 0C8D7F941B8F12C200B3FA4E /* ProductUploadAttributeListTableViewController.xib */; };
		0C8D7F981B8F198300B3FA4E /* Category.swift in Sources */ = {isa = PBXBuildFile; fileRef = 0C8D7F971B8F198300B3FA4E /* Category.swift */; };
		0C8D7F9F1B8F1B7800B3FA4E /* PUAttributeSetHeaderTableViewCell.swift in Sources */ = {isa = PBXBuildFile; fileRef = 0C8D7F9D1B8F1B7800B3FA4E /* PUAttributeSetHeaderTableViewCell.swift */; };
		0C8D7FA01B8F1B7800B3FA4E /* PUAttributeSetHeaderTableViewCell.xib in Resources */ = {isa = PBXBuildFile; fileRef = 0C8D7F9E1B8F1B7800B3FA4E /* PUAttributeSetHeaderTableViewCell.xib */; };
		0C8D7FA71B8F573800B3FA4E /* PUAttributeAddFooterView.swift in Sources */ = {isa = PBXBuildFile; fileRef = 0C8D7FA51B8F573800B3FA4E /* PUAttributeAddFooterView.swift */; };
		0C8D7FA81B8F573800B3FA4E /* ProductUploadAddFooterView.xib in Resources */ = {isa = PBXBuildFile; fileRef = 0C8D7FA61B8F573800B3FA4E /* ProductUploadAddFooterView.xib */; };
		0C8D7FAA1B8F577300B3FA4E /* ProductUploadAddFooterView.swift in Sources */ = {isa = PBXBuildFile; fileRef = 0C8D7FA91B8F577300B3FA4E /* ProductUploadAddFooterView.swift */; };
		0CF28ECE1B8C85E5005B2E54 /* AppDelegate.swift in Sources */ = {isa = PBXBuildFile; fileRef = 0CF28EB71B8C85E4005B2E54 /* AppDelegate.swift */; };
		0CF28ECF1B8C85E5005B2E54 /* APIManager.swift in Sources */ = {isa = PBXBuildFile; fileRef = 0CF28EBA1B8C85E4005B2E54 /* APIManager.swift */; };
		0CF28ED01B8C85E5005B2E54 /* Enums.swift in Sources */ = {isa = PBXBuildFile; fileRef = 0CF28EBB1B8C85E4005B2E54 /* Enums.swift */; };
		0CF28ED11B8C85E5005B2E54 /* HexaColor.swift in Sources */ = {isa = PBXBuildFile; fileRef = 0CF28EBC1B8C85E4005B2E54 /* HexaColor.swift */; };
		0CF28ED21B8C85E5005B2E54 /* IPhoneType.swift in Sources */ = {isa = PBXBuildFile; fileRef = 0CF28EBD1B8C85E4005B2E54 /* IPhoneType.swift */; };
		0CF28ED31B8C85E5005B2E54 /* ParseLocalJSON.swift in Sources */ = {isa = PBXBuildFile; fileRef = 0CF28EBE1B8C85E4005B2E54 /* ParseLocalJSON.swift */; };
		0CF28ED41B8C85E5005B2E54 /* Reachability.swift in Sources */ = {isa = PBXBuildFile; fileRef = 0CF28EBF1B8C85E4005B2E54 /* Reachability.swift */; };
		0CF28ED51B8C85E5005B2E54 /* SessionManager.swift in Sources */ = {isa = PBXBuildFile; fileRef = 0CF28EC01B8C85E4005B2E54 /* SessionManager.swift */; };
		0CF28ED61B8C85E5005B2E54 /* XibHelper.swift in Sources */ = {isa = PBXBuildFile; fileRef = 0CF28EC11B8C85E4005B2E54 /* XibHelper.swift */; };
		0CF28ED71B8C85E5005B2E54 /* LaunchScreen.xib in Resources */ = {isa = PBXBuildFile; fileRef = 0CF28EC41B8C85E5005B2E54 /* LaunchScreen.xib */; };
		0CF28ED81B8C85E5005B2E54 /* Main.storyboard in Resources */ = {isa = PBXBuildFile; fileRef = 0CF28EC51B8C85E5005B2E54 /* Main.storyboard */; };
		0CF28ED91B8C85E5005B2E54 /* DashboardViewController.swift in Sources */ = {isa = PBXBuildFile; fileRef = 0CF28EC81B8C85E5005B2E54 /* DashboardViewController.swift */; };
		0CF28EDA1B8C85E5005B2E54 /* MessageViewController.swift in Sources */ = {isa = PBXBuildFile; fileRef = 0CF28EC91B8C85E5005B2E54 /* MessageViewController.swift */; };
		0CF28EDB1B8C85E5005B2E54 /* SearchViewController.swift in Sources */ = {isa = PBXBuildFile; fileRef = 0CF28ECA1B8C85E5005B2E54 /* SearchViewController.swift */; };
		0CF28EDC1B8C85E5005B2E54 /* SettingsViewController.swift in Sources */ = {isa = PBXBuildFile; fileRef = 0CF28ECB1B8C85E5005B2E54 /* SettingsViewController.swift */; };
		0CF28EDF1B8C868D005B2E54 /* Constants.swift in Sources */ = {isa = PBXBuildFile; fileRef = 0CF28EDE1B8C868D005B2E54 /* Constants.swift */; };
		0CF28EF41B8CA2E9005B2E54 /* Black Italic.otf in Resources */ = {isa = PBXBuildFile; fileRef = 0CF28EE21B8CA2E9005B2E54 /* Black Italic.otf */; };
		0CF28EF51B8CA2E9005B2E54 /* Panton Black.otf in Resources */ = {isa = PBXBuildFile; fileRef = 0CF28EE31B8CA2E9005B2E54 /* Panton Black.otf */; };
		0CF28EF61B8CA2E9005B2E54 /* Panton Bold Italic.otf in Resources */ = {isa = PBXBuildFile; fileRef = 0CF28EE41B8CA2E9005B2E54 /* Panton Bold Italic.otf */; };
		0CF28EF71B8CA2E9005B2E54 /* Panton Bold.otf in Resources */ = {isa = PBXBuildFile; fileRef = 0CF28EE51B8CA2E9005B2E54 /* Panton Bold.otf */; };
		0CF28EF81B8CA2E9005B2E54 /* Panton ExtraBold Italic.otf in Resources */ = {isa = PBXBuildFile; fileRef = 0CF28EE61B8CA2E9005B2E54 /* Panton ExtraBold Italic.otf */; };
		0CF28EF91B8CA2E9005B2E54 /* Panton ExtraBold.otf in Resources */ = {isa = PBXBuildFile; fileRef = 0CF28EE71B8CA2E9005B2E54 /* Panton ExtraBold.otf */; };
		0CF28EFA1B8CA2E9005B2E54 /* Panton ExtraLight Italic.otf in Resources */ = {isa = PBXBuildFile; fileRef = 0CF28EE81B8CA2E9005B2E54 /* Panton ExtraLight Italic.otf */; };
		0CF28EFB1B8CA2E9005B2E54 /* Panton ExtraLight.otf in Resources */ = {isa = PBXBuildFile; fileRef = 0CF28EE91B8CA2E9005B2E54 /* Panton ExtraLight.otf */; };
		0CF28EFC1B8CA2E9005B2E54 /* Panton Heavy Italic.otf in Resources */ = {isa = PBXBuildFile; fileRef = 0CF28EEA1B8CA2E9005B2E54 /* Panton Heavy Italic.otf */; };
		0CF28EFD1B8CA2E9005B2E54 /* Panton Heavy.otf in Resources */ = {isa = PBXBuildFile; fileRef = 0CF28EEB1B8CA2E9005B2E54 /* Panton Heavy.otf */; };
		0CF28EFE1B8CA2E9005B2E54 /* Panton Light Italic.otf in Resources */ = {isa = PBXBuildFile; fileRef = 0CF28EEC1B8CA2E9005B2E54 /* Panton Light Italic.otf */; };
		0CF28EFF1B8CA2E9005B2E54 /* Panton Light.otf in Resources */ = {isa = PBXBuildFile; fileRef = 0CF28EED1B8CA2E9005B2E54 /* Panton Light.otf */; };
		0CF28F001B8CA2E9005B2E54 /* Panton Regular Italic.otf in Resources */ = {isa = PBXBuildFile; fileRef = 0CF28EEE1B8CA2E9005B2E54 /* Panton Regular Italic.otf */; };
		0CF28F011B8CA2E9005B2E54 /* Panton SemiBold Italic.otf in Resources */ = {isa = PBXBuildFile; fileRef = 0CF28EEF1B8CA2E9005B2E54 /* Panton SemiBold Italic.otf */; };
		0CF28F021B8CA2E9005B2E54 /* Panton SemiBold.otf in Resources */ = {isa = PBXBuildFile; fileRef = 0CF28EF01B8CA2E9005B2E54 /* Panton SemiBold.otf */; };
		0CF28F031B8CA2E9005B2E54 /* Panton Thin Italic.otf in Resources */ = {isa = PBXBuildFile; fileRef = 0CF28EF11B8CA2E9005B2E54 /* Panton Thin Italic.otf */; };
		0CF28F041B8CA2E9005B2E54 /* Panton Thin.otf in Resources */ = {isa = PBXBuildFile; fileRef = 0CF28EF21B8CA2E9005B2E54 /* Panton Thin.otf */; };
		0CF28F051B8CA2E9005B2E54 /* Panton.otf in Resources */ = {isa = PBXBuildFile; fileRef = 0CF28EF31B8CA2E9005B2E54 /* Panton.otf */; };
		0CF28F111B8CAA31005B2E54 /* ProductUploadTableViewController.swift in Sources */ = {isa = PBXBuildFile; fileRef = 0CF28F0F1B8CAA31005B2E54 /* ProductUploadTableViewController.swift */; };
		0CF28F121B8CAA31005B2E54 /* ProductUploadTableViewController.xib in Resources */ = {isa = PBXBuildFile; fileRef = 0CF28F101B8CAA31005B2E54 /* ProductUploadTableViewController.xib */; };
		0CF28F161B8CCD3E005B2E54 /* ProductUploadUploadImageTableViewCell.swift in Sources */ = {isa = PBXBuildFile; fileRef = 0CF28F141B8CCD3E005B2E54 /* ProductUploadUploadImageTableViewCell.swift */; };
		0CF28F171B8CCD3E005B2E54 /* ProductUploadUploadImageTableViewCell.xib in Resources */ = {isa = PBXBuildFile; fileRef = 0CF28F151B8CCD3E005B2E54 /* ProductUploadUploadImageTableViewCell.xib */; };
		0CF28F1A1B8CD079005B2E54 /* ProductUploadImageCollectionViewCell.swift in Sources */ = {isa = PBXBuildFile; fileRef = 0CF28F181B8CD079005B2E54 /* ProductUploadImageCollectionViewCell.swift */; };
		0CF28F1B1B8CD079005B2E54 /* ProductUploadImageCollectionViewCell.xib in Resources */ = {isa = PBXBuildFile; fileRef = 0CF28F191B8CD079005B2E54 /* ProductUploadImageCollectionViewCell.xib */; };
		0CF28F1D1B8CD21B005B2E54 /* DynamicRoundedButton.swift in Sources */ = {isa = PBXBuildFile; fileRef = 0CF28F1C1B8CD21B005B2E54 /* DynamicRoundedButton.swift */; };
		967EE1C11B8AEA25000591AC /* Images.xcassets in Resources */ = {isa = PBXBuildFile; fileRef = 967EE1C01B8AEA25000591AC /* Images.xcassets */; };
		967EE1D01B8AEA25000591AC /* YiLinkerOnlineSellerTests.swift in Sources */ = {isa = PBXBuildFile; fileRef = 967EE1CF1B8AEA25000591AC /* YiLinkerOnlineSellerTests.swift */; };
		E72BD5070233EC6FF42DDA3A /* libPods.a in Frameworks */ = {isa = PBXBuildFile; fileRef = 5B825E81D3B27E563C7C3C53 /* libPods.a */; };
/* End PBXBuildFile section */

/* Begin PBXContainerItemProxy section */
		967EE1CA1B8AEA25000591AC /* PBXContainerItemProxy */ = {
			isa = PBXContainerItemProxy;
			containerPortal = 967EE1AC1B8AEA25000591AC /* Project object */;
			proxyType = 1;
			remoteGlobalIDString = 967EE1B31B8AEA25000591AC;
			remoteInfo = YiLinkerOnlineSeller;
		};
/* End PBXContainerItemProxy section */

/* Begin PBXFileReference section */
		0C65F8A21B8DB07100504D86 /* ProductUploadTextFieldTableViewCell.swift */ = {isa = PBXFileReference; fileEncoding = 4; lastKnownFileType = sourcecode.swift; path = ProductUploadTextFieldTableViewCell.swift; sourceTree = "<group>"; };
		0C65F8A31B8DB07100504D86 /* ProductUploadTextFieldTableViewCell.xib */ = {isa = PBXFileReference; fileEncoding = 4; lastKnownFileType = file.xib; name = ProductUploadTextFieldTableViewCell.xib; path = ../View/ProductUploadTextFieldTableViewCell.xib; sourceTree = "<group>"; };
		0C65F8A61B8DB99100504D86 /* ProductUploadTableHeaderView.swift */ = {isa = PBXFileReference; fileEncoding = 4; lastKnownFileType = sourcecode.swift; path = ProductUploadTableHeaderView.swift; sourceTree = "<group>"; };
		0C65F8AA1B8DB9AD00504D86 /* ProductUploadTableHeaderView.xib */ = {isa = PBXFileReference; fileEncoding = 4; lastKnownFileType = file.xib; name = ProductUploadTableHeaderView.xib; path = ../../../../../ProductUploadTableHeaderView.xib; sourceTree = "<group>"; };
		0C65F8AC1B8DBC3400504D86 /* ProductUploadTextViewTableViewCell.swift */ = {isa = PBXFileReference; fileEncoding = 4; lastKnownFileType = sourcecode.swift; path = ProductUploadTextViewTableViewCell.swift; sourceTree = "<group>"; };
		0C65F8AD1B8DBC3400504D86 /* ProductUploadTextViewTableViewCell.xib */ = {isa = PBXFileReference; fileEncoding = 4; lastKnownFileType = file.xib; name = ProductUploadTextViewTableViewCell.xib; path = ../View/ProductUploadTextViewTableViewCell.xib; sourceTree = "<group>"; };
		0C65F8B01B8DC9AC00504D86 /* ProductUploadCategoryViewController.swift */ = {isa = PBXFileReference; fileEncoding = 4; lastKnownFileType = sourcecode.swift; path = ProductUploadCategoryViewController.swift; sourceTree = "<group>"; };
		0C65F8B11B8DC9AC00504D86 /* ProductUploadCategoryViewController.xib */ = {isa = PBXFileReference; fileEncoding = 4; lastKnownFileType = file.xib; path = ProductUploadCategoryViewController.xib; sourceTree = "<group>"; };
		0C65F8B61B8DCD8B00504D86 /* ProductUploadCategoryTableViewCell.swift */ = {isa = PBXFileReference; fileEncoding = 4; lastKnownFileType = sourcecode.swift; path = ProductUploadCategoryTableViewCell.swift; sourceTree = "<group>"; };
		0C65F8B71B8DCD8B00504D86 /* ProductUploadCategoryTableViewCell.xib */ = {isa = PBXFileReference; fileEncoding = 4; lastKnownFileType = file.xib; name = ProductUploadCategoryTableViewCell.xib; path = ../View/ProductUploadCategoryTableViewCell.xib; sourceTree = "<group>"; };
		0C65F8BE1B8DE28D00504D86 /* ProductUploadBrandViewController.swift */ = {isa = PBXFileReference; fileEncoding = 4; lastKnownFileType = sourcecode.swift; path = ProductUploadBrandViewController.swift; sourceTree = "<group>"; };
		0C65F8BF1B8DE28D00504D86 /* ProductUploadBrandViewController.xib */ = {isa = PBXFileReference; fileEncoding = 4; lastKnownFileType = file.xib; path = ProductUploadBrandViewController.xib; sourceTree = "<group>"; };
		0C65F8C61B8DEE6400504D86 /* ProductUploadPriceTableViewCell.xib.swift */ = {isa = PBXFileReference; fileEncoding = 4; lastKnownFileType = sourcecode.swift; path = ProductUploadPriceTableViewCell.xib.swift; sourceTree = "<group>"; };
		0C65F8C71B8DEE6400504D86 /* ProductUploadPriceTableViewCell.xib */ = {isa = PBXFileReference; fileEncoding = 4; lastKnownFileType = file.xib; name = ProductUploadPriceTableViewCell.xib; path = ../View/ProductUploadPriceTableViewCell.xib; sourceTree = "<group>"; };
		0C65F8CA1B8DF8A000504D86 /* ProductUploadSearchViewController.swift */ = {isa = PBXFileReference; fileEncoding = 4; lastKnownFileType = sourcecode.swift; path = ProductUploadSearchViewController.swift; sourceTree = "<group>"; };
		0C65F8CB1B8DF8A000504D86 /* ProductUploadSearchViewController.xib */ = {isa = PBXFileReference; fileEncoding = 4; lastKnownFileType = file.xib; path = ProductUploadSearchViewController.xib; sourceTree = "<group>"; };
		0C65F8CE1B8E059A00504D86 /* ProductUploadButtonTableViewCell.swift */ = {isa = PBXFileReference; fileEncoding = 4; lastKnownFileType = sourcecode.swift; path = ProductUploadButtonTableViewCell.swift; sourceTree = "<group>"; };
		0C65F8CF1B8E059A00504D86 /* ProductUploadButtonTableViewCell.xib */ = {isa = PBXFileReference; fileEncoding = 4; lastKnownFileType = file.xib; path = ProductUploadButtonTableViewCell.xib; sourceTree = "<group>"; };
		0C65F8D21B8E089200504D86 /* ProductUploadQuantityTableViewCell.swift */ = {isa = PBXFileReference; fileEncoding = 4; lastKnownFileType = sourcecode.swift; path = ProductUploadQuantityTableViewCell.swift; sourceTree = "<group>"; };
		0C65F8D31B8E089200504D86 /* ProductUploadQuantityTableViewCell.xib */ = {isa = PBXFileReference; fileEncoding = 4; lastKnownFileType = file.xib; path = ProductUploadQuantityTableViewCell.xib; sourceTree = "<group>"; };
		0C65F8D61B8E0C4600504D86 /* ProductUploadDimensionsAndWeightTableViewCell.swift */ = {isa = PBXFileReference; fileEncoding = 4; lastKnownFileType = sourcecode.swift; path = ProductUploadDimensionsAndWeightTableViewCell.swift; sourceTree = "<group>"; };
		0C65F8D71B8E0C4600504D86 /* ProductUploadDimensionsAndWeightTableViewCell.xib */ = {isa = PBXFileReference; fileEncoding = 4; lastKnownFileType = file.xib; path = ProductUploadDimensionsAndWeightTableViewCell.xib; sourceTree = "<group>"; };
		0C65F8E61B8E34C200504D86 /* ProductUploadDetailHeaderViewCollectionViewCell.swift */ = {isa = PBXFileReference; fileEncoding = 4; lastKnownFileType = sourcecode.swift; path = ProductUploadDetailHeaderViewCollectionViewCell.swift; sourceTree = "<group>"; };
		0C65F8E71B8E34C200504D86 /* ProductUploadDetailHeaderViewCollectionViewCell.xib */ = {isa = PBXFileReference; fileEncoding = 4; lastKnownFileType = file.xib; path = ProductUploadDetailHeaderViewCollectionViewCell.xib; sourceTree = "<group>"; };
		0C65F8EA1B8E377500504D86 /* ProductUploadAttributeCollectionViewCell.swift */ = {isa = PBXFileReference; fileEncoding = 4; lastKnownFileType = sourcecode.swift; path = ProductUploadAttributeCollectionViewCell.swift; sourceTree = "<group>"; };
		0C65F8EB1B8E377500504D86 /* ProductUploadAttributeCollectionViewCell.xib */ = {isa = PBXFileReference; fileEncoding = 4; lastKnownFileType = file.xib; path = ProductUploadAttributeCollectionViewCell.xib; sourceTree = "<group>"; };
		0C65F8EE1B8E3CB000504D86 /* ProductUploadDetailTableViewController.swift */ = {isa = PBXFileReference; fileEncoding = 4; lastKnownFileType = sourcecode.swift; path = ProductUploadDetailTableViewController.swift; sourceTree = "<group>"; };
		0C65F8EF1B8E3CB000504D86 /* ProductUploadDetailTableViewController.xib */ = {isa = PBXFileReference; fileEncoding = 4; lastKnownFileType = file.xib; path = ProductUploadDetailTableViewController.xib; sourceTree = "<group>"; };
		0C65F8F61B8E3EC200504D86 /* ProductUploadDetailFooterTableViewCell.swift */ = {isa = PBXFileReference; fileEncoding = 4; lastKnownFileType = sourcecode.swift; path = ProductUploadDetailFooterTableViewCell.swift; sourceTree = "<group>"; };
		0C65F8F71B8E3EC200504D86 /* ProductUploadDetailFooterTableViewCell.xib */ = {isa = PBXFileReference; fileEncoding = 4; lastKnownFileType = file.xib; path = ProductUploadDetailFooterTableViewCell.xib; sourceTree = "<group>"; };
		0C8D7F851B8EBD7C00B3FA4E /* ProductUploadDetailHeaderViewTableViewCell.swift */ = {isa = PBXFileReference; fileEncoding = 4; lastKnownFileType = sourcecode.swift; path = ProductUploadDetailHeaderViewTableViewCell.swift; sourceTree = "<group>"; };
		0C8D7F861B8EBD7C00B3FA4E /* ProductUploadDetailHeaderViewTableViewCell.xib */ = {isa = PBXFileReference; fileEncoding = 4; lastKnownFileType = file.xib; path = ProductUploadDetailHeaderViewTableViewCell.xib; sourceTree = "<group>"; };
		0C8D7F8B1B8EF00C00B3FA4E /* ProductUploadAttributeTableViewCell.swift */ = {isa = PBXFileReference; fileEncoding = 4; lastKnownFileType = sourcecode.swift; path = ProductUploadAttributeTableViewCell.swift; sourceTree = "<group>"; };
		0C8D7F8C1B8EF00C00B3FA4E /* ProductUploadAttributeTableViewCell.xib */ = {isa = PBXFileReference; fileEncoding = 4; lastKnownFileType = file.xib; path = ProductUploadAttributeTableViewCell.xib; sourceTree = "<group>"; };
		0C8D7F8F1B8F0A6400B3FA4E /* AttributeModel.swift */ = {isa = PBXFileReference; fileEncoding = 4; lastKnownFileType = sourcecode.swift; path = AttributeModel.swift; sourceTree = "<group>"; };
		0C8D7F911B8F0A7D00B3FA4E /* ProductModel.swift */ = {isa = PBXFileReference; fileEncoding = 4; lastKnownFileType = sourcecode.swift; path = ProductModel.swift; sourceTree = "<group>"; };
		0C8D7F931B8F12C200B3FA4E /* ProductUploadAttributeListTableViewController.swift */ = {isa = PBXFileReference; fileEncoding = 4; lastKnownFileType = sourcecode.swift; path = ProductUploadAttributeListTableViewController.swift; sourceTree = "<group>"; };
		0C8D7F941B8F12C200B3FA4E /* ProductUploadAttributeListTableViewController.xib */ = {isa = PBXFileReference; fileEncoding = 4; lastKnownFileType = file.xib; path = ProductUploadAttributeListTableViewController.xib; sourceTree = "<group>"; };
		0C8D7F971B8F198300B3FA4E /* Category.swift */ = {isa = PBXFileReference; fileEncoding = 4; lastKnownFileType = sourcecode.swift; path = Category.swift; sourceTree = "<group>"; };
		0C8D7F9D1B8F1B7800B3FA4E /* PUAttributeSetHeaderTableViewCell.swift */ = {isa = PBXFileReference; fileEncoding = 4; lastKnownFileType = sourcecode.swift; path = PUAttributeSetHeaderTableViewCell.swift; sourceTree = "<group>"; };
		0C8D7F9E1B8F1B7800B3FA4E /* PUAttributeSetHeaderTableViewCell.xib */ = {isa = PBXFileReference; fileEncoding = 4; lastKnownFileType = file.xib; path = PUAttributeSetHeaderTableViewCell.xib; sourceTree = "<group>"; };
		0C8D7FA51B8F573800B3FA4E /* PUAttributeAddFooterView.swift */ = {isa = PBXFileReference; fileEncoding = 4; lastKnownFileType = sourcecode.swift; path = PUAttributeAddFooterView.swift; sourceTree = "<group>"; };
		0C8D7FA61B8F573800B3FA4E /* ProductUploadAddFooterView.xib */ = {isa = PBXFileReference; fileEncoding = 4; lastKnownFileType = file.xib; path = ProductUploadAddFooterView.xib; sourceTree = "<group>"; };
		0C8D7FA91B8F577300B3FA4E /* ProductUploadAddFooterView.swift */ = {isa = PBXFileReference; fileEncoding = 4; lastKnownFileType = sourcecode.swift; path = ProductUploadAddFooterView.swift; sourceTree = "<group>"; };
		0CF28EB71B8C85E4005B2E54 /* AppDelegate.swift */ = {isa = PBXFileReference; fileEncoding = 4; lastKnownFileType = sourcecode.swift; path = AppDelegate.swift; sourceTree = "<group>"; };
		0CF28EBA1B8C85E4005B2E54 /* APIManager.swift */ = {isa = PBXFileReference; fileEncoding = 4; lastKnownFileType = sourcecode.swift; path = APIManager.swift; sourceTree = "<group>"; };
		0CF28EBB1B8C85E4005B2E54 /* Enums.swift */ = {isa = PBXFileReference; fileEncoding = 4; lastKnownFileType = sourcecode.swift; path = Enums.swift; sourceTree = "<group>"; };
		0CF28EBC1B8C85E4005B2E54 /* HexaColor.swift */ = {isa = PBXFileReference; fileEncoding = 4; lastKnownFileType = sourcecode.swift; path = HexaColor.swift; sourceTree = "<group>"; };
		0CF28EBD1B8C85E4005B2E54 /* IPhoneType.swift */ = {isa = PBXFileReference; fileEncoding = 4; lastKnownFileType = sourcecode.swift; path = IPhoneType.swift; sourceTree = "<group>"; };
		0CF28EBE1B8C85E4005B2E54 /* ParseLocalJSON.swift */ = {isa = PBXFileReference; fileEncoding = 4; lastKnownFileType = sourcecode.swift; path = ParseLocalJSON.swift; sourceTree = "<group>"; };
		0CF28EBF1B8C85E4005B2E54 /* Reachability.swift */ = {isa = PBXFileReference; fileEncoding = 4; lastKnownFileType = sourcecode.swift; path = Reachability.swift; sourceTree = "<group>"; };
		0CF28EC01B8C85E4005B2E54 /* SessionManager.swift */ = {isa = PBXFileReference; fileEncoding = 4; lastKnownFileType = sourcecode.swift; path = SessionManager.swift; sourceTree = "<group>"; };
		0CF28EC11B8C85E4005B2E54 /* XibHelper.swift */ = {isa = PBXFileReference; fileEncoding = 4; lastKnownFileType = sourcecode.swift; path = XibHelper.swift; sourceTree = "<group>"; };
		0CF28EC41B8C85E5005B2E54 /* LaunchScreen.xib */ = {isa = PBXFileReference; fileEncoding = 4; lastKnownFileType = file.xib; path = LaunchScreen.xib; sourceTree = "<group>"; };
		0CF28EC51B8C85E5005B2E54 /* Main.storyboard */ = {isa = PBXFileReference; fileEncoding = 4; lastKnownFileType = file.storyboard; path = Main.storyboard; sourceTree = "<group>"; };
		0CF28EC81B8C85E5005B2E54 /* DashboardViewController.swift */ = {isa = PBXFileReference; fileEncoding = 4; lastKnownFileType = sourcecode.swift; path = DashboardViewController.swift; sourceTree = "<group>"; };
		0CF28EC91B8C85E5005B2E54 /* MessageViewController.swift */ = {isa = PBXFileReference; fileEncoding = 4; lastKnownFileType = sourcecode.swift; path = MessageViewController.swift; sourceTree = "<group>"; };
		0CF28ECA1B8C85E5005B2E54 /* SearchViewController.swift */ = {isa = PBXFileReference; fileEncoding = 4; lastKnownFileType = sourcecode.swift; path = SearchViewController.swift; sourceTree = "<group>"; };
		0CF28ECB1B8C85E5005B2E54 /* SettingsViewController.swift */ = {isa = PBXFileReference; fileEncoding = 4; lastKnownFileType = sourcecode.swift; path = SettingsViewController.swift; sourceTree = "<group>"; };
		0CF28EDD1B8C8614005B2E54 /* YiLinkerOnlineSeller-Bridging-Header.h */ = {isa = PBXFileReference; fileEncoding = 4; lastKnownFileType = sourcecode.c.h; path = "YiLinkerOnlineSeller-Bridging-Header.h"; sourceTree = "<group>"; };
		0CF28EDE1B8C868D005B2E54 /* Constants.swift */ = {isa = PBXFileReference; fileEncoding = 4; lastKnownFileType = sourcecode.swift; path = Constants.swift; sourceTree = "<group>"; };
		0CF28EE21B8CA2E9005B2E54 /* Black Italic.otf */ = {isa = PBXFileReference; lastKnownFileType = file; path = "Black Italic.otf"; sourceTree = "<group>"; };
		0CF28EE31B8CA2E9005B2E54 /* Panton Black.otf */ = {isa = PBXFileReference; lastKnownFileType = file; path = "Panton Black.otf"; sourceTree = "<group>"; };
		0CF28EE41B8CA2E9005B2E54 /* Panton Bold Italic.otf */ = {isa = PBXFileReference; lastKnownFileType = file; path = "Panton Bold Italic.otf"; sourceTree = "<group>"; };
		0CF28EE51B8CA2E9005B2E54 /* Panton Bold.otf */ = {isa = PBXFileReference; lastKnownFileType = file; path = "Panton Bold.otf"; sourceTree = "<group>"; };
		0CF28EE61B8CA2E9005B2E54 /* Panton ExtraBold Italic.otf */ = {isa = PBXFileReference; lastKnownFileType = file; path = "Panton ExtraBold Italic.otf"; sourceTree = "<group>"; };
		0CF28EE71B8CA2E9005B2E54 /* Panton ExtraBold.otf */ = {isa = PBXFileReference; lastKnownFileType = file; path = "Panton ExtraBold.otf"; sourceTree = "<group>"; };
		0CF28EE81B8CA2E9005B2E54 /* Panton ExtraLight Italic.otf */ = {isa = PBXFileReference; lastKnownFileType = file; path = "Panton ExtraLight Italic.otf"; sourceTree = "<group>"; };
		0CF28EE91B8CA2E9005B2E54 /* Panton ExtraLight.otf */ = {isa = PBXFileReference; lastKnownFileType = file; path = "Panton ExtraLight.otf"; sourceTree = "<group>"; };
		0CF28EEA1B8CA2E9005B2E54 /* Panton Heavy Italic.otf */ = {isa = PBXFileReference; lastKnownFileType = file; path = "Panton Heavy Italic.otf"; sourceTree = "<group>"; };
		0CF28EEB1B8CA2E9005B2E54 /* Panton Heavy.otf */ = {isa = PBXFileReference; lastKnownFileType = file; path = "Panton Heavy.otf"; sourceTree = "<group>"; };
		0CF28EEC1B8CA2E9005B2E54 /* Panton Light Italic.otf */ = {isa = PBXFileReference; lastKnownFileType = file; path = "Panton Light Italic.otf"; sourceTree = "<group>"; };
		0CF28EED1B8CA2E9005B2E54 /* Panton Light.otf */ = {isa = PBXFileReference; lastKnownFileType = file; path = "Panton Light.otf"; sourceTree = "<group>"; };
		0CF28EEE1B8CA2E9005B2E54 /* Panton Regular Italic.otf */ = {isa = PBXFileReference; lastKnownFileType = file; path = "Panton Regular Italic.otf"; sourceTree = "<group>"; };
		0CF28EEF1B8CA2E9005B2E54 /* Panton SemiBold Italic.otf */ = {isa = PBXFileReference; lastKnownFileType = file; path = "Panton SemiBold Italic.otf"; sourceTree = "<group>"; };
		0CF28EF01B8CA2E9005B2E54 /* Panton SemiBold.otf */ = {isa = PBXFileReference; lastKnownFileType = file; path = "Panton SemiBold.otf"; sourceTree = "<group>"; };
		0CF28EF11B8CA2E9005B2E54 /* Panton Thin Italic.otf */ = {isa = PBXFileReference; lastKnownFileType = file; path = "Panton Thin Italic.otf"; sourceTree = "<group>"; };
		0CF28EF21B8CA2E9005B2E54 /* Panton Thin.otf */ = {isa = PBXFileReference; lastKnownFileType = file; path = "Panton Thin.otf"; sourceTree = "<group>"; };
		0CF28EF31B8CA2E9005B2E54 /* Panton.otf */ = {isa = PBXFileReference; lastKnownFileType = file; path = Panton.otf; sourceTree = "<group>"; };
		0CF28F0F1B8CAA31005B2E54 /* ProductUploadTableViewController.swift */ = {isa = PBXFileReference; fileEncoding = 4; lastKnownFileType = sourcecode.swift; path = ProductUploadTableViewController.swift; sourceTree = "<group>"; };
		0CF28F101B8CAA31005B2E54 /* ProductUploadTableViewController.xib */ = {isa = PBXFileReference; fileEncoding = 4; lastKnownFileType = file.xib; path = ProductUploadTableViewController.xib; sourceTree = "<group>"; };
		0CF28F141B8CCD3E005B2E54 /* ProductUploadUploadImageTableViewCell.swift */ = {isa = PBXFileReference; fileEncoding = 4; lastKnownFileType = sourcecode.swift; path = ProductUploadUploadImageTableViewCell.swift; sourceTree = "<group>"; };
		0CF28F151B8CCD3E005B2E54 /* ProductUploadUploadImageTableViewCell.xib */ = {isa = PBXFileReference; fileEncoding = 4; lastKnownFileType = file.xib; name = ProductUploadUploadImageTableViewCell.xib; path = ../View/ProductUploadUploadImageTableViewCell.xib; sourceTree = "<group>"; };
		0CF28F181B8CD079005B2E54 /* ProductUploadImageCollectionViewCell.swift */ = {isa = PBXFileReference; fileEncoding = 4; lastKnownFileType = sourcecode.swift; path = ProductUploadImageCollectionViewCell.swift; sourceTree = "<group>"; };
		0CF28F191B8CD079005B2E54 /* ProductUploadImageCollectionViewCell.xib */ = {isa = PBXFileReference; fileEncoding = 4; lastKnownFileType = file.xib; name = ProductUploadImageCollectionViewCell.xib; path = ../View/ProductUploadImageCollectionViewCell.xib; sourceTree = "<group>"; };
		0CF28F1C1B8CD21B005B2E54 /* DynamicRoundedButton.swift */ = {isa = PBXFileReference; fileEncoding = 4; lastKnownFileType = sourcecode.swift; path = DynamicRoundedButton.swift; sourceTree = "<group>"; };
		3F811DA8573C81594070C601 /* Pods.release.xcconfig */ = {isa = PBXFileReference; includeInIndex = 1; lastKnownFileType = text.xcconfig; name = Pods.release.xcconfig; path = "Pods/Target Support Files/Pods/Pods.release.xcconfig"; sourceTree = "<group>"; };
		5B825E81D3B27E563C7C3C53 /* libPods.a */ = {isa = PBXFileReference; explicitFileType = archive.ar; includeInIndex = 0; path = libPods.a; sourceTree = BUILT_PRODUCTS_DIR; };
		967EE1B41B8AEA25000591AC /* YiLinkerOnlineSeller.app */ = {isa = PBXFileReference; explicitFileType = wrapper.application; includeInIndex = 0; path = YiLinkerOnlineSeller.app; sourceTree = BUILT_PRODUCTS_DIR; };
		967EE1B81B8AEA25000591AC /* Info.plist */ = {isa = PBXFileReference; lastKnownFileType = text.plist.xml; path = Info.plist; sourceTree = "<group>"; };
		967EE1C01B8AEA25000591AC /* Images.xcassets */ = {isa = PBXFileReference; lastKnownFileType = folder.assetcatalog; path = Images.xcassets; sourceTree = "<group>"; };
		967EE1C91B8AEA25000591AC /* YiLinkerOnlineSellerTests.xctest */ = {isa = PBXFileReference; explicitFileType = wrapper.cfbundle; includeInIndex = 0; path = YiLinkerOnlineSellerTests.xctest; sourceTree = BUILT_PRODUCTS_DIR; };
		967EE1CE1B8AEA25000591AC /* Info.plist */ = {isa = PBXFileReference; lastKnownFileType = text.plist.xml; path = Info.plist; sourceTree = "<group>"; };
		967EE1CF1B8AEA25000591AC /* YiLinkerOnlineSellerTests.swift */ = {isa = PBXFileReference; lastKnownFileType = sourcecode.swift; path = YiLinkerOnlineSellerTests.swift; sourceTree = "<group>"; };
		D4D17EE114265F93B1630151 /* Pods.debug.xcconfig */ = {isa = PBXFileReference; includeInIndex = 1; lastKnownFileType = text.xcconfig; name = Pods.debug.xcconfig; path = "Pods/Target Support Files/Pods/Pods.debug.xcconfig"; sourceTree = "<group>"; };
/* End PBXFileReference section */

/* Begin PBXFrameworksBuildPhase section */
		967EE1B11B8AEA25000591AC /* Frameworks */ = {
			isa = PBXFrameworksBuildPhase;
			buildActionMask = 2147483647;
			files = (
				E72BD5070233EC6FF42DDA3A /* libPods.a in Frameworks */,
			);
			runOnlyForDeploymentPostprocessing = 0;
		};
		967EE1C61B8AEA25000591AC /* Frameworks */ = {
			isa = PBXFrameworksBuildPhase;
			buildActionMask = 2147483647;
			files = (
			);
			runOnlyForDeploymentPostprocessing = 0;
		};
/* End PBXFrameworksBuildPhase section */

/* Begin PBXGroup section */
		0CF28EB51B8C85E4005B2E54 /* Source */ = {
			isa = PBXGroup;
			children = (
				0CF28EDD1B8C8614005B2E54 /* YiLinkerOnlineSeller-Bridging-Header.h */,
				0CF28EB61B8C85E4005B2E54 /* AppDelegate */,
				0CF28EB81B8C85E4005B2E54 /* External */,
				0CF28EB91B8C85E4005B2E54 /* Helper */,
				0CF28EC21B8C85E4005B2E54 /* Model */,
				0CF28EC31B8C85E5005B2E54 /* StoryBoard */,
				0CF28EC61B8C85E5005B2E54 /* View */,
				0CF28EC71B8C85E5005B2E54 /* ViewController */,
				0CF28ECC1B8C85E5005B2E54 /* Xib */,
			);
			path = Source;
			sourceTree = "<group>";
		};
		0CF28EB61B8C85E4005B2E54 /* AppDelegate */ = {
			isa = PBXGroup;
			children = (
				0CF28EB71B8C85E4005B2E54 /* AppDelegate.swift */,
			);
			path = AppDelegate;
			sourceTree = "<group>";
		};
		0CF28EB81B8C85E4005B2E54 /* External */ = {
			isa = PBXGroup;
			children = (
				0CF28EE01B8CA2E9005B2E54 /* Font */,
			);
			path = External;
			sourceTree = "<group>";
		};
		0CF28EB91B8C85E4005B2E54 /* Helper */ = {
			isa = PBXGroup;
			children = (
				0C8D7F971B8F198300B3FA4E /* Category.swift */,
				0CF28EDE1B8C868D005B2E54 /* Constants.swift */,
				0CF28EBA1B8C85E4005B2E54 /* APIManager.swift */,
				0CF28EBB1B8C85E4005B2E54 /* Enums.swift */,
				0CF28EBC1B8C85E4005B2E54 /* HexaColor.swift */,
				0CF28EBD1B8C85E4005B2E54 /* IPhoneType.swift */,
				0CF28EBE1B8C85E4005B2E54 /* ParseLocalJSON.swift */,
				0CF28EBF1B8C85E4005B2E54 /* Reachability.swift */,
				0CF28EC01B8C85E4005B2E54 /* SessionManager.swift */,
				0CF28EC11B8C85E4005B2E54 /* XibHelper.swift */,
			);
			path = Helper;
			sourceTree = "<group>";
		};
		0CF28EC21B8C85E4005B2E54 /* Model */ = {
			isa = PBXGroup;
			children = (
				0C8D7F8F1B8F0A6400B3FA4E /* AttributeModel.swift */,
				0C8D7F911B8F0A7D00B3FA4E /* ProductModel.swift */,
			);
			path = Model;
			sourceTree = "<group>";
		};
		0CF28EC31B8C85E5005B2E54 /* StoryBoard */ = {
			isa = PBXGroup;
			children = (
				0CF28EC41B8C85E5005B2E54 /* LaunchScreen.xib */,
				0CF28EC51B8C85E5005B2E54 /* Main.storyboard */,
			);
			path = StoryBoard;
			sourceTree = "<group>";
		};
		0CF28EC61B8C85E5005B2E54 /* View */ = {
			isa = PBXGroup;
			children = (
				0CF28F1C1B8CD21B005B2E54 /* DynamicRoundedButton.swift */,
				0CF28F141B8CCD3E005B2E54 /* ProductUploadUploadImageTableViewCell.swift */,
				0CF28F181B8CD079005B2E54 /* ProductUploadImageCollectionViewCell.swift */,
				0C65F8A21B8DB07100504D86 /* ProductUploadTextFieldTableViewCell.swift */,
				0C65F8A61B8DB99100504D86 /* ProductUploadTableHeaderView.swift */,
				0C65F8AC1B8DBC3400504D86 /* ProductUploadTextViewTableViewCell.swift */,
				0C65F8B61B8DCD8B00504D86 /* ProductUploadCategoryTableViewCell.swift */,
				0C65F8C61B8DEE6400504D86 /* ProductUploadPriceTableViewCell.xib.swift */,
				0C65F8CE1B8E059A00504D86 /* ProductUploadButtonTableViewCell.swift */,
				0C65F8CF1B8E059A00504D86 /* ProductUploadButtonTableViewCell.xib */,
				0C65F8D21B8E089200504D86 /* ProductUploadQuantityTableViewCell.swift */,
				0C65F8D31B8E089200504D86 /* ProductUploadQuantityTableViewCell.xib */,
				0C65F8D61B8E0C4600504D86 /* ProductUploadDimensionsAndWeightTableViewCell.swift */,
				0C65F8D71B8E0C4600504D86 /* ProductUploadDimensionsAndWeightTableViewCell.xib */,
				0C65F8E61B8E34C200504D86 /* ProductUploadDetailHeaderViewCollectionViewCell.swift */,
				0C65F8E71B8E34C200504D86 /* ProductUploadDetailHeaderViewCollectionViewCell.xib */,
				0C65F8EA1B8E377500504D86 /* ProductUploadAttributeCollectionViewCell.swift */,
				0C65F8EB1B8E377500504D86 /* ProductUploadAttributeCollectionViewCell.xib */,
				0C65F8F61B8E3EC200504D86 /* ProductUploadDetailFooterTableViewCell.swift */,
				0C65F8F71B8E3EC200504D86 /* ProductUploadDetailFooterTableViewCell.xib */,
				0C8D7FA51B8F573800B3FA4E /* PUAttributeAddFooterView.swift */,
				0C8D7FA61B8F573800B3FA4E /* ProductUploadAddFooterView.xib */,
				0C8D7F851B8EBD7C00B3FA4E /* ProductUploadDetailHeaderViewTableViewCell.swift */,
				0C8D7F861B8EBD7C00B3FA4E /* ProductUploadDetailHeaderViewTableViewCell.xib */,
				0C8D7F8B1B8EF00C00B3FA4E /* ProductUploadAttributeTableViewCell.swift */,
				0C8D7F8C1B8EF00C00B3FA4E /* ProductUploadAttributeTableViewCell.xib */,
				0C8D7F9D1B8F1B7800B3FA4E /* PUAttributeSetHeaderTableViewCell.swift */,
				0C8D7F9E1B8F1B7800B3FA4E /* PUAttributeSetHeaderTableViewCell.xib */,
				0C8D7FA91B8F577300B3FA4E /* ProductUploadAddFooterView.swift */,
			);
			path = View;
			sourceTree = "<group>";
		};
		0CF28EC71B8C85E5005B2E54 /* ViewController */ = {
			isa = PBXGroup;
			children = (
				0C65F8CB1B8DF8A000504D86 /* ProductUploadSearchViewController.xib */,
				0C65F8C71B8DEE6400504D86 /* ProductUploadPriceTableViewCell.xib */,
				0C65F8BF1B8DE28D00504D86 /* ProductUploadBrandViewController.xib */,
				0C65F8B71B8DCD8B00504D86 /* ProductUploadCategoryTableViewCell.xib */,
				0C65F8B11B8DC9AC00504D86 /* ProductUploadCategoryViewController.xib */,
				0C65F8AD1B8DBC3400504D86 /* ProductUploadTextViewTableViewCell.xib */,
				0C65F8A31B8DB07100504D86 /* ProductUploadTextFieldTableViewCell.xib */,
				0CF28F191B8CD079005B2E54 /* ProductUploadImageCollectionViewCell.xib */,
				0CF28F151B8CCD3E005B2E54 /* ProductUploadUploadImageTableViewCell.xib */,
				0CF28F101B8CAA31005B2E54 /* ProductUploadTableViewController.xib */,
				0C65F8AA1B8DB9AD00504D86 /* ProductUploadTableHeaderView.xib */,
				0C65F8EF1B8E3CB000504D86 /* ProductUploadDetailTableViewController.xib */,
				0CF28EC81B8C85E5005B2E54 /* DashboardViewController.swift */,
				0CF28EC91B8C85E5005B2E54 /* MessageViewController.swift */,
				0CF28ECA1B8C85E5005B2E54 /* SearchViewController.swift */,
				0CF28ECB1B8C85E5005B2E54 /* SettingsViewController.swift */,
				0CF28F0F1B8CAA31005B2E54 /* ProductUploadTableViewController.swift */,
				0C65F8B01B8DC9AC00504D86 /* ProductUploadCategoryViewController.swift */,
				0C65F8BE1B8DE28D00504D86 /* ProductUploadBrandViewController.swift */,
				0C65F8CA1B8DF8A000504D86 /* ProductUploadSearchViewController.swift */,
				0C65F8EE1B8E3CB000504D86 /* ProductUploadDetailTableViewController.swift */,
				0C8D7F931B8F12C200B3FA4E /* ProductUploadAttributeListTableViewController.swift */,
				0C8D7F941B8F12C200B3FA4E /* ProductUploadAttributeListTableViewController.xib */,
			);
			path = ViewController;
			sourceTree = "<group>";
		};
		0CF28ECC1B8C85E5005B2E54 /* Xib */ = {
			isa = PBXGroup;
			children = (
			);
			path = Xib;
			sourceTree = "<group>";
		};
		0CF28EE01B8CA2E9005B2E54 /* Font */ = {
			isa = PBXGroup;
			children = (
				0CF28EE11B8CA2E9005B2E54 /* Panton */,
			);
			path = Font;
			sourceTree = "<group>";
		};
		0CF28EE11B8CA2E9005B2E54 /* Panton */ = {
			isa = PBXGroup;
			children = (
				0CF28EE21B8CA2E9005B2E54 /* Black Italic.otf */,
				0CF28EE31B8CA2E9005B2E54 /* Panton Black.otf */,
				0CF28EE41B8CA2E9005B2E54 /* Panton Bold Italic.otf */,
				0CF28EE51B8CA2E9005B2E54 /* Panton Bold.otf */,
				0CF28EE61B8CA2E9005B2E54 /* Panton ExtraBold Italic.otf */,
				0CF28EE71B8CA2E9005B2E54 /* Panton ExtraBold.otf */,
				0CF28EE81B8CA2E9005B2E54 /* Panton ExtraLight Italic.otf */,
				0CF28EE91B8CA2E9005B2E54 /* Panton ExtraLight.otf */,
				0CF28EEA1B8CA2E9005B2E54 /* Panton Heavy Italic.otf */,
				0CF28EEB1B8CA2E9005B2E54 /* Panton Heavy.otf */,
				0CF28EEC1B8CA2E9005B2E54 /* Panton Light Italic.otf */,
				0CF28EED1B8CA2E9005B2E54 /* Panton Light.otf */,
				0CF28EEE1B8CA2E9005B2E54 /* Panton Regular Italic.otf */,
				0CF28EEF1B8CA2E9005B2E54 /* Panton SemiBold Italic.otf */,
				0CF28EF01B8CA2E9005B2E54 /* Panton SemiBold.otf */,
				0CF28EF11B8CA2E9005B2E54 /* Panton Thin Italic.otf */,
				0CF28EF21B8CA2E9005B2E54 /* Panton Thin.otf */,
				0CF28EF31B8CA2E9005B2E54 /* Panton.otf */,
			);
			path = Panton;
			sourceTree = "<group>";
		};
		1A0C852BDE3E210EF3770A77 /* Pods */ = {
			isa = PBXGroup;
			children = (
				D4D17EE114265F93B1630151 /* Pods.debug.xcconfig */,
				3F811DA8573C81594070C601 /* Pods.release.xcconfig */,
			);
			name = Pods;
			sourceTree = "<group>";
		};
		967EE1AB1B8AEA25000591AC = {
			isa = PBXGroup;
			children = (
				967EE1B61B8AEA25000591AC /* YiLinkerOnlineSeller */,
				967EE1CC1B8AEA25000591AC /* YiLinkerOnlineSellerTests */,
				967EE1B51B8AEA25000591AC /* Products */,
				1A0C852BDE3E210EF3770A77 /* Pods */,
				D957134FEAF8E3FA392A4C1E /* Frameworks */,
			);
			sourceTree = "<group>";
		};
		967EE1B51B8AEA25000591AC /* Products */ = {
			isa = PBXGroup;
			children = (
				967EE1B41B8AEA25000591AC /* YiLinkerOnlineSeller.app */,
				967EE1C91B8AEA25000591AC /* YiLinkerOnlineSellerTests.xctest */,
			);
			name = Products;
			sourceTree = "<group>";
		};
		967EE1B61B8AEA25000591AC /* YiLinkerOnlineSeller */ = {
			isa = PBXGroup;
			children = (
				0CF28EB51B8C85E4005B2E54 /* Source */,
				967EE1C01B8AEA25000591AC /* Images.xcassets */,
				967EE1B71B8AEA25000591AC /* Supporting Files */,
			);
			path = YiLinkerOnlineSeller;
			sourceTree = "<group>";
		};
		967EE1B71B8AEA25000591AC /* Supporting Files */ = {
			isa = PBXGroup;
			children = (
				967EE1B81B8AEA25000591AC /* Info.plist */,
			);
			name = "Supporting Files";
			sourceTree = "<group>";
		};
		967EE1CC1B8AEA25000591AC /* YiLinkerOnlineSellerTests */ = {
			isa = PBXGroup;
			children = (
				967EE1CF1B8AEA25000591AC /* YiLinkerOnlineSellerTests.swift */,
				967EE1CD1B8AEA25000591AC /* Supporting Files */,
			);
			path = YiLinkerOnlineSellerTests;
			sourceTree = "<group>";
		};
		967EE1CD1B8AEA25000591AC /* Supporting Files */ = {
			isa = PBXGroup;
			children = (
				967EE1CE1B8AEA25000591AC /* Info.plist */,
			);
			name = "Supporting Files";
			sourceTree = "<group>";
		};
		D957134FEAF8E3FA392A4C1E /* Frameworks */ = {
			isa = PBXGroup;
			children = (
				5B825E81D3B27E563C7C3C53 /* libPods.a */,
			);
			name = Frameworks;
			sourceTree = "<group>";
		};
/* End PBXGroup section */

/* Begin PBXNativeTarget section */
		967EE1B31B8AEA25000591AC /* YiLinkerOnlineSeller */ = {
			isa = PBXNativeTarget;
			buildConfigurationList = 967EE1D31B8AEA25000591AC /* Build configuration list for PBXNativeTarget "YiLinkerOnlineSeller" */;
			buildPhases = (
				4E0E7DBAB7F718D86CC1CF62 /* Check Pods Manifest.lock */,
				967EE1B01B8AEA25000591AC /* Sources */,
				967EE1B11B8AEA25000591AC /* Frameworks */,
				967EE1B21B8AEA25000591AC /* Resources */,
				E9EA2D2D652BCE072148B1D3 /* Copy Pods Resources */,
			);
			buildRules = (
			);
			dependencies = (
			);
			name = YiLinkerOnlineSeller;
			productName = YiLinkerOnlineSeller;
			productReference = 967EE1B41B8AEA25000591AC /* YiLinkerOnlineSeller.app */;
			productType = "com.apple.product-type.application";
		};
		967EE1C81B8AEA25000591AC /* YiLinkerOnlineSellerTests */ = {
			isa = PBXNativeTarget;
			buildConfigurationList = 967EE1D61B8AEA25000591AC /* Build configuration list for PBXNativeTarget "YiLinkerOnlineSellerTests" */;
			buildPhases = (
				967EE1C51B8AEA25000591AC /* Sources */,
				967EE1C61B8AEA25000591AC /* Frameworks */,
				967EE1C71B8AEA25000591AC /* Resources */,
			);
			buildRules = (
			);
			dependencies = (
				967EE1CB1B8AEA25000591AC /* PBXTargetDependency */,
			);
			name = YiLinkerOnlineSellerTests;
			productName = YiLinkerOnlineSellerTests;
			productReference = 967EE1C91B8AEA25000591AC /* YiLinkerOnlineSellerTests.xctest */;
			productType = "com.apple.product-type.bundle.unit-test";
		};
/* End PBXNativeTarget section */

/* Begin PBXProject section */
		967EE1AC1B8AEA25000591AC /* Project object */ = {
			isa = PBXProject;
			attributes = {
				LastUpgradeCheck = 0640;
				ORGANIZATIONNAME = YiLinker;
				TargetAttributes = {
					967EE1B31B8AEA25000591AC = {
						CreatedOnToolsVersion = 6.4;
						DevelopmentTeam = XY4U9PK7G5;
					};
					967EE1C81B8AEA25000591AC = {
						CreatedOnToolsVersion = 6.4;
						TestTargetID = 967EE1B31B8AEA25000591AC;
					};
				};
			};
			buildConfigurationList = 967EE1AF1B8AEA25000591AC /* Build configuration list for PBXProject "YiLinkerOnlineSeller" */;
			compatibilityVersion = "Xcode 3.2";
			developmentRegion = English;
			hasScannedForEncodings = 0;
			knownRegions = (
				en,
				Base,
			);
			mainGroup = 967EE1AB1B8AEA25000591AC;
			productRefGroup = 967EE1B51B8AEA25000591AC /* Products */;
			projectDirPath = "";
			projectRoot = "";
			targets = (
				967EE1B31B8AEA25000591AC /* YiLinkerOnlineSeller */,
				967EE1C81B8AEA25000591AC /* YiLinkerOnlineSellerTests */,
			);
		};
/* End PBXProject section */

/* Begin PBXResourcesBuildPhase section */
		967EE1B21B8AEA25000591AC /* Resources */ = {
			isa = PBXResourcesBuildPhase;
			buildActionMask = 2147483647;
			files = (
				0C65F8C91B8DEE6400504D86 /* ProductUploadPriceTableViewCell.xib in Resources */,
				0CF28F121B8CAA31005B2E54 /* ProductUploadTableViewController.xib in Resources */,
				0CF28F051B8CA2E9005B2E54 /* Panton.otf in Resources */,
				0C65F8ED1B8E377500504D86 /* ProductUploadAttributeCollectionViewCell.xib in Resources */,
				0CF28EF91B8CA2E9005B2E54 /* Panton ExtraBold.otf in Resources */,
				0C65F8F11B8E3CB000504D86 /* ProductUploadDetailTableViewController.xib in Resources */,
				0CF28F011B8CA2E9005B2E54 /* Panton SemiBold Italic.otf in Resources */,
				0C8D7F8E1B8EF00C00B3FA4E /* ProductUploadAttributeTableViewCell.xib in Resources */,
				0CF28ED81B8C85E5005B2E54 /* Main.storyboard in Resources */,
				0C65F8B91B8DCD8B00504D86 /* ProductUploadCategoryTableViewCell.xib in Resources */,
				0C65F8D51B8E089200504D86 /* ProductUploadQuantityTableViewCell.xib in Resources */,
				0CF28ED71B8C85E5005B2E54 /* LaunchScreen.xib in Resources */,
				0CF28EFD1B8CA2E9005B2E54 /* Panton Heavy.otf in Resources */,
				0C65F8E91B8E34C200504D86 /* ProductUploadDetailHeaderViewCollectionViewCell.xib in Resources */,
				0C65F8D11B8E059A00504D86 /* ProductUploadButtonTableViewCell.xib in Resources */,
				0C8D7F961B8F12C200B3FA4E /* ProductUploadAttributeListTableViewController.xib in Resources */,
				0C65F8B31B8DC9AC00504D86 /* ProductUploadCategoryViewController.xib in Resources */,
				0C8D7FA01B8F1B7800B3FA4E /* PUAttributeSetHeaderTableViewCell.xib in Resources */,
				0C65F8A51B8DB07100504D86 /* ProductUploadTextFieldTableViewCell.xib in Resources */,
				0CF28EFF1B8CA2E9005B2E54 /* Panton Light.otf in Resources */,
				0CF28EFA1B8CA2E9005B2E54 /* Panton ExtraLight Italic.otf in Resources */,
				0CF28F1B1B8CD079005B2E54 /* ProductUploadImageCollectionViewCell.xib in Resources */,
				0CF28F031B8CA2E9005B2E54 /* Panton Thin Italic.otf in Resources */,
				0CF28EF41B8CA2E9005B2E54 /* Black Italic.otf in Resources */,
				0CF28EFE1B8CA2E9005B2E54 /* Panton Light Italic.otf in Resources */,
				0C65F8CD1B8DF8A000504D86 /* ProductUploadSearchViewController.xib in Resources */,
				0CF28F001B8CA2E9005B2E54 /* Panton Regular Italic.otf in Resources */,
				0C65F8C11B8DE28D00504D86 /* ProductUploadBrandViewController.xib in Resources */,
				0CF28EFB1B8CA2E9005B2E54 /* Panton ExtraLight.otf in Resources */,
				0CF28EF71B8CA2E9005B2E54 /* Panton Bold.otf in Resources */,
				0CF28F041B8CA2E9005B2E54 /* Panton Thin.otf in Resources */,
				967EE1C11B8AEA25000591AC /* Images.xcassets in Resources */,
				0CF28F171B8CCD3E005B2E54 /* ProductUploadUploadImageTableViewCell.xib in Resources */,
				0C8D7FA81B8F573800B3FA4E /* ProductUploadAddFooterView.xib in Resources */,
				0CF28EF81B8CA2E9005B2E54 /* Panton ExtraBold Italic.otf in Resources */,
				0CF28EFC1B8CA2E9005B2E54 /* Panton Heavy Italic.otf in Resources */,
				0C65F8D91B8E0C4600504D86 /* ProductUploadDimensionsAndWeightTableViewCell.xib in Resources */,
				0C65F8AB1B8DB9AD00504D86 /* ProductUploadTableHeaderView.xib in Resources */,
				0CF28F021B8CA2E9005B2E54 /* Panton SemiBold.otf in Resources */,
				0C65F8F91B8E3EC200504D86 /* ProductUploadDetailFooterTableViewCell.xib in Resources */,
				0CF28EF61B8CA2E9005B2E54 /* Panton Bold Italic.otf in Resources */,
				0C65F8AF1B8DBC3400504D86 /* ProductUploadTextViewTableViewCell.xib in Resources */,
				0CF28EF51B8CA2E9005B2E54 /* Panton Black.otf in Resources */,
				0C8D7F881B8EBD7C00B3FA4E /* ProductUploadDetailHeaderViewTableViewCell.xib in Resources */,
			);
			runOnlyForDeploymentPostprocessing = 0;
		};
		967EE1C71B8AEA25000591AC /* Resources */ = {
			isa = PBXResourcesBuildPhase;
			buildActionMask = 2147483647;
			files = (
			);
			runOnlyForDeploymentPostprocessing = 0;
		};
/* End PBXResourcesBuildPhase section */

/* Begin PBXShellScriptBuildPhase section */
		4E0E7DBAB7F718D86CC1CF62 /* Check Pods Manifest.lock */ = {
			isa = PBXShellScriptBuildPhase;
			buildActionMask = 2147483647;
			files = (
			);
			inputPaths = (
			);
			name = "Check Pods Manifest.lock";
			outputPaths = (
			);
			runOnlyForDeploymentPostprocessing = 0;
			shellPath = /bin/sh;
			shellScript = "diff \"${PODS_ROOT}/../Podfile.lock\" \"${PODS_ROOT}/Manifest.lock\" > /dev/null\nif [[ $? != 0 ]] ; then\n    cat << EOM\nerror: The sandbox is not in sync with the Podfile.lock. Run 'pod install' or update your CocoaPods installation.\nEOM\n    exit 1\nfi\n";
			showEnvVarsInLog = 0;
		};
		E9EA2D2D652BCE072148B1D3 /* Copy Pods Resources */ = {
			isa = PBXShellScriptBuildPhase;
			buildActionMask = 2147483647;
			files = (
			);
			inputPaths = (
			);
			name = "Copy Pods Resources";
			outputPaths = (
			);
			runOnlyForDeploymentPostprocessing = 0;
			shellPath = /bin/sh;
			shellScript = "\"${SRCROOT}/Pods/Target Support Files/Pods/Pods-resources.sh\"\n";
			showEnvVarsInLog = 0;
		};
/* End PBXShellScriptBuildPhase section */

/* Begin PBXSourcesBuildPhase section */
		967EE1B01B8AEA25000591AC /* Sources */ = {
			isa = PBXSourcesBuildPhase;
			buildActionMask = 2147483647;
			files = (
				0C8D7F901B8F0A6400B3FA4E /* AttributeModel.swift in Sources */,
				0C65F8AE1B8DBC3400504D86 /* ProductUploadTextViewTableViewCell.swift in Sources */,
				0CF28ED41B8C85E5005B2E54 /* Reachability.swift in Sources */,
				0C65F8A41B8DB07100504D86 /* ProductUploadTextFieldTableViewCell.swift in Sources */,
				0C65F8D41B8E089200504D86 /* ProductUploadQuantityTableViewCell.swift in Sources */,
				0CF28ECF1B8C85E5005B2E54 /* APIManager.swift in Sources */,
				0CF28ED31B8C85E5005B2E54 /* ParseLocalJSON.swift in Sources */,
				0CF28ED21B8C85E5005B2E54 /* IPhoneType.swift in Sources */,
				0C8D7F871B8EBD7C00B3FA4E /* ProductUploadDetailHeaderViewTableViewCell.swift in Sources */,
				0C65F8F01B8E3CB000504D86 /* ProductUploadDetailTableViewController.swift in Sources */,
				0C65F8F81B8E3EC200504D86 /* ProductUploadDetailFooterTableViewCell.swift in Sources */,
				0C65F8B81B8DCD8B00504D86 /* ProductUploadCategoryTableViewCell.swift in Sources */,
				0C65F8C81B8DEE6400504D86 /* ProductUploadPriceTableViewCell.xib.swift in Sources */,
				0C8D7F921B8F0A7D00B3FA4E /* ProductModel.swift in Sources */,
				0C65F8EC1B8E377500504D86 /* ProductUploadAttributeCollectionViewCell.swift in Sources */,
				0CF28ED01B8C85E5005B2E54 /* Enums.swift in Sources */,
				0CF28ED61B8C85E5005B2E54 /* XibHelper.swift in Sources */,
				0C65F8E81B8E34C200504D86 /* ProductUploadDetailHeaderViewCollectionViewCell.swift in Sources */,
				0C65F8A71B8DB99100504D86 /* ProductUploadTableHeaderView.swift in Sources */,
				0CF28EDB1B8C85E5005B2E54 /* SearchViewController.swift in Sources */,
				0C65F8D01B8E059A00504D86 /* ProductUploadButtonTableViewCell.swift in Sources */,
				0CF28F161B8CCD3E005B2E54 /* ProductUploadUploadImageTableViewCell.swift in Sources */,
				0CF28ECE1B8C85E5005B2E54 /* AppDelegate.swift in Sources */,
				0C8D7F951B8F12C200B3FA4E /* ProductUploadAttributeListTableViewController.swift in Sources */,
				0C8D7FAA1B8F577300B3FA4E /* ProductUploadAddFooterView.swift in Sources */,
				0C65F8D81B8E0C4600504D86 /* ProductUploadDimensionsAndWeightTableViewCell.swift in Sources */,
				0C8D7FA71B8F573800B3FA4E /* PUAttributeAddFooterView.swift in Sources */,
				0CF28EDA1B8C85E5005B2E54 /* MessageViewController.swift in Sources */,
				0C65F8CC1B8DF8A000504D86 /* ProductUploadSearchViewController.swift in Sources */,
				0CF28F111B8CAA31005B2E54 /* ProductUploadTableViewController.swift in Sources */,
				0CF28F1D1B8CD21B005B2E54 /* DynamicRoundedButton.swift in Sources */,
				0C8D7F8D1B8EF00C00B3FA4E /* ProductUploadAttributeTableViewCell.swift in Sources */,
				0CF28F1A1B8CD079005B2E54 /* ProductUploadImageCollectionViewCell.swift in Sources */,
				0CF28ED91B8C85E5005B2E54 /* DashboardViewController.swift in Sources */,
				0C65F8B21B8DC9AC00504D86 /* ProductUploadCategoryViewController.swift in Sources */,
				0CF28EDC1B8C85E5005B2E54 /* SettingsViewController.swift in Sources */,
				0CF28EDF1B8C868D005B2E54 /* Constants.swift in Sources */,
				0C8D7F9F1B8F1B7800B3FA4E /* PUAttributeSetHeaderTableViewCell.swift in Sources */,
				0C8D7F981B8F198300B3FA4E /* Category.swift in Sources */,
				0C65F8C01B8DE28D00504D86 /* ProductUploadBrandViewController.swift in Sources */,
				0CF28ED51B8C85E5005B2E54 /* SessionManager.swift in Sources */,
				0CF28ED11B8C85E5005B2E54 /* HexaColor.swift in Sources */,
			);
			runOnlyForDeploymentPostprocessing = 0;
		};
		967EE1C51B8AEA25000591AC /* Sources */ = {
			isa = PBXSourcesBuildPhase;
			buildActionMask = 2147483647;
			files = (
				967EE1D01B8AEA25000591AC /* YiLinkerOnlineSellerTests.swift in Sources */,
			);
			runOnlyForDeploymentPostprocessing = 0;
		};
/* End PBXSourcesBuildPhase section */

/* Begin PBXTargetDependency section */
		967EE1CB1B8AEA25000591AC /* PBXTargetDependency */ = {
			isa = PBXTargetDependency;
			target = 967EE1B31B8AEA25000591AC /* YiLinkerOnlineSeller */;
			targetProxy = 967EE1CA1B8AEA25000591AC /* PBXContainerItemProxy */;
		};
/* End PBXTargetDependency section */

/* Begin XCBuildConfiguration section */
		967EE1D11B8AEA25000591AC /* Debug */ = {
			isa = XCBuildConfiguration;
			buildSettings = {
				ALWAYS_SEARCH_USER_PATHS = NO;
				CLANG_CXX_LANGUAGE_STANDARD = "gnu++0x";
				CLANG_CXX_LIBRARY = "libc++";
				CLANG_ENABLE_MODULES = YES;
				CLANG_ENABLE_OBJC_ARC = YES;
				CLANG_WARN_BOOL_CONVERSION = YES;
				CLANG_WARN_CONSTANT_CONVERSION = YES;
				CLANG_WARN_DIRECT_OBJC_ISA_USAGE = YES_ERROR;
				CLANG_WARN_EMPTY_BODY = YES;
				CLANG_WARN_ENUM_CONVERSION = YES;
				CLANG_WARN_INT_CONVERSION = YES;
				CLANG_WARN_OBJC_ROOT_CLASS = YES_ERROR;
				CLANG_WARN_UNREACHABLE_CODE = YES;
				CLANG_WARN__DUPLICATE_METHOD_MATCH = YES;
				"CODE_SIGN_IDENTITY[sdk=iphoneos*]" = "iPhone Developer";
				COPY_PHASE_STRIP = NO;
				DEBUG_INFORMATION_FORMAT = "dwarf-with-dsym";
				ENABLE_STRICT_OBJC_MSGSEND = YES;
				GCC_C_LANGUAGE_STANDARD = gnu99;
				GCC_DYNAMIC_NO_PIC = NO;
				GCC_NO_COMMON_BLOCKS = YES;
				GCC_OPTIMIZATION_LEVEL = 0;
				GCC_PREPROCESSOR_DEFINITIONS = (
					"DEBUG=1",
					"$(inherited)",
				);
				GCC_SYMBOLS_PRIVATE_EXTERN = NO;
				GCC_WARN_64_TO_32_BIT_CONVERSION = YES;
				GCC_WARN_ABOUT_RETURN_TYPE = YES_ERROR;
				GCC_WARN_UNDECLARED_SELECTOR = YES;
				GCC_WARN_UNINITIALIZED_AUTOS = YES_AGGRESSIVE;
				GCC_WARN_UNUSED_FUNCTION = YES;
				GCC_WARN_UNUSED_VARIABLE = YES;
				IPHONEOS_DEPLOYMENT_TARGET = 8.4;
				MTL_ENABLE_DEBUG_INFO = YES;
				ONLY_ACTIVE_ARCH = YES;
				SDKROOT = iphoneos;
				SWIFT_OPTIMIZATION_LEVEL = "-Onone";
			};
			name = Debug;
		};
		967EE1D21B8AEA25000591AC /* Release */ = {
			isa = XCBuildConfiguration;
			buildSettings = {
				ALWAYS_SEARCH_USER_PATHS = NO;
				CLANG_CXX_LANGUAGE_STANDARD = "gnu++0x";
				CLANG_CXX_LIBRARY = "libc++";
				CLANG_ENABLE_MODULES = YES;
				CLANG_ENABLE_OBJC_ARC = YES;
				CLANG_WARN_BOOL_CONVERSION = YES;
				CLANG_WARN_CONSTANT_CONVERSION = YES;
				CLANG_WARN_DIRECT_OBJC_ISA_USAGE = YES_ERROR;
				CLANG_WARN_EMPTY_BODY = YES;
				CLANG_WARN_ENUM_CONVERSION = YES;
				CLANG_WARN_INT_CONVERSION = YES;
				CLANG_WARN_OBJC_ROOT_CLASS = YES_ERROR;
				CLANG_WARN_UNREACHABLE_CODE = YES;
				CLANG_WARN__DUPLICATE_METHOD_MATCH = YES;
				"CODE_SIGN_IDENTITY[sdk=iphoneos*]" = "iPhone Developer";
				COPY_PHASE_STRIP = NO;
				DEBUG_INFORMATION_FORMAT = "dwarf-with-dsym";
				ENABLE_NS_ASSERTIONS = NO;
				ENABLE_STRICT_OBJC_MSGSEND = YES;
				GCC_C_LANGUAGE_STANDARD = gnu99;
				GCC_NO_COMMON_BLOCKS = YES;
				GCC_WARN_64_TO_32_BIT_CONVERSION = YES;
				GCC_WARN_ABOUT_RETURN_TYPE = YES_ERROR;
				GCC_WARN_UNDECLARED_SELECTOR = YES;
				GCC_WARN_UNINITIALIZED_AUTOS = YES_AGGRESSIVE;
				GCC_WARN_UNUSED_FUNCTION = YES;
				GCC_WARN_UNUSED_VARIABLE = YES;
				IPHONEOS_DEPLOYMENT_TARGET = 8.4;
				MTL_ENABLE_DEBUG_INFO = NO;
				SDKROOT = iphoneos;
				VALIDATE_PRODUCT = YES;
			};
			name = Release;
		};
		967EE1D41B8AEA25000591AC /* Debug */ = {
			isa = XCBuildConfiguration;
			baseConfigurationReference = D4D17EE114265F93B1630151 /* Pods.debug.xcconfig */;
			buildSettings = {
				ASSETCATALOG_COMPILER_APPICON_NAME = AppIcon;
				CLANG_ENABLE_MODULES = YES;
				CODE_SIGN_IDENTITY = "iPhone Developer";
				INFOPLIST_FILE = YiLinkerOnlineSeller/Info.plist;
				LD_RUNPATH_SEARCH_PATHS = "$(inherited) @executable_path/Frameworks";
				PRODUCT_NAME = "$(TARGET_NAME)";
				SWIFT_OBJC_BRIDGING_HEADER = "YiLinkerOnlineSeller/Source/YiLinkerOnlineSeller-Bridging-Header.h";
				SWIFT_OPTIMIZATION_LEVEL = "-Onone";
			};
			name = Debug;
		};
		967EE1D51B8AEA25000591AC /* Release */ = {
			isa = XCBuildConfiguration;
			baseConfigurationReference = 3F811DA8573C81594070C601 /* Pods.release.xcconfig */;
			buildSettings = {
				ASSETCATALOG_COMPILER_APPICON_NAME = AppIcon;
				CLANG_ENABLE_MODULES = YES;
				CODE_SIGN_IDENTITY = "iPhone Developer";
				INFOPLIST_FILE = YiLinkerOnlineSeller/Info.plist;
				LD_RUNPATH_SEARCH_PATHS = "$(inherited) @executable_path/Frameworks";
				PRODUCT_NAME = "$(TARGET_NAME)";
				SWIFT_OBJC_BRIDGING_HEADER = "YiLinkerOnlineSeller/Source/YiLinkerOnlineSeller-Bridging-Header.h";
			};
			name = Release;
		};
		967EE1D71B8AEA25000591AC /* Debug */ = {
			isa = XCBuildConfiguration;
			buildSettings = {
				BUNDLE_LOADER = "$(TEST_HOST)";
				FRAMEWORK_SEARCH_PATHS = (
					"$(SDKROOT)/Developer/Library/Frameworks",
					"$(inherited)",
				);
				GCC_PREPROCESSOR_DEFINITIONS = (
					"DEBUG=1",
					"$(inherited)",
				);
				INFOPLIST_FILE = YiLinkerOnlineSellerTests/Info.plist;
				LD_RUNPATH_SEARCH_PATHS = "$(inherited) @executable_path/Frameworks @loader_path/Frameworks";
				PRODUCT_NAME = "$(TARGET_NAME)";
				TEST_HOST = "$(BUILT_PRODUCTS_DIR)/YiLinkerOnlineSeller.app/YiLinkerOnlineSeller";
			};
			name = Debug;
		};
		967EE1D81B8AEA25000591AC /* Release */ = {
			isa = XCBuildConfiguration;
			buildSettings = {
				BUNDLE_LOADER = "$(TEST_HOST)";
				FRAMEWORK_SEARCH_PATHS = (
					"$(SDKROOT)/Developer/Library/Frameworks",
					"$(inherited)",
				);
				INFOPLIST_FILE = YiLinkerOnlineSellerTests/Info.plist;
				LD_RUNPATH_SEARCH_PATHS = "$(inherited) @executable_path/Frameworks @loader_path/Frameworks";
				PRODUCT_NAME = "$(TARGET_NAME)";
				TEST_HOST = "$(BUILT_PRODUCTS_DIR)/YiLinkerOnlineSeller.app/YiLinkerOnlineSeller";
			};
			name = Release;
		};
/* End XCBuildConfiguration section */

/* Begin XCConfigurationList section */
		967EE1AF1B8AEA25000591AC /* Build configuration list for PBXProject "YiLinkerOnlineSeller" */ = {
			isa = XCConfigurationList;
			buildConfigurations = (
				967EE1D11B8AEA25000591AC /* Debug */,
				967EE1D21B8AEA25000591AC /* Release */,
			);
			defaultConfigurationIsVisible = 0;
			defaultConfigurationName = Release;
		};
		967EE1D31B8AEA25000591AC /* Build configuration list for PBXNativeTarget "YiLinkerOnlineSeller" */ = {
			isa = XCConfigurationList;
			buildConfigurations = (
				967EE1D41B8AEA25000591AC /* Debug */,
				967EE1D51B8AEA25000591AC /* Release */,
			);
			defaultConfigurationIsVisible = 0;
			defaultConfigurationName = Release;
		};
		967EE1D61B8AEA25000591AC /* Build configuration list for PBXNativeTarget "YiLinkerOnlineSellerTests" */ = {
			isa = XCConfigurationList;
			buildConfigurations = (
				967EE1D71B8AEA25000591AC /* Debug */,
				967EE1D81B8AEA25000591AC /* Release */,
			);
			defaultConfigurationIsVisible = 0;
			defaultConfigurationName = Release;
		};
/* End XCConfigurationList section */
	};
	rootObject = 967EE1AC1B8AEA25000591AC /* Project object */;
}
